
Microsoft Visual Studio Solution File, Format Version 12.00
# Visual Studio Version 16
VisualStudioVersion = 16.0.29411.108
MinimumVisualStudioVersion = 10.0.40219.1
Project("{FAE04EC0-301F-11D3-BF4B-00C04F79EFBC}") = "ActionFilter", "ActionFilter\ActionFilter.csproj", "{0F6759DD-55D6-4DB5-BD6A-21C3F2377DAE}"
EndProject
Global
	GlobalSection(SolutionConfigurationPlatforms) = preSolution
		Debug|Any CPU = Debug|Any CPU
		Release|Any CPU = Release|Any CPU
	EndGlobalSection
	GlobalSection(ProjectConfigurationPlatforms) = postSolution
		{0F6759DD-55D6-4DB5-BD6A-21C3F2377DAE}.Debug|Any CPU.ActiveCfg = Debug|Any CPU
		{0F6759DD-55D6-4DB5-BD6A-21C3F2377DAE}.Debug|Any CPU.Build.0 = Debug|Any CPU
		{0F6759DD-55D6-4DB5-BD6A-21C3F2377DAE}.Release|Any CPU.ActiveCfg = Release|Any CPU
		{0F6759DD-55D6-4DB5-BD6A-21C3F2377DAE}.Release|Any CPU.Build.0 = Release|Any CPU
	EndGlobalSection
	GlobalSection(SolutionProperties) = preSolution
		HideSolutionNode = FALSE
	EndGlobalSection
	GlobalSection(ExtensibilityGlobals) = postSolution
		SolutionGuid = {98AF7E0B-2939-4369-BE13-F78F40241F46}
	EndGlobalSection
EndGlobal
